
Microsoft Visual Studio Solution File, Format Version 12.00
# Visual Studio Version 17
VisualStudioVersion = 17.0.32014.148
MinimumVisualStudioVersion = 10.0.40219.1
Project("{FAE04EC0-301F-11D3-BF4B-00C04F79EFBC}") = "ApiProdutos.Services", "ApiProdutos.Services\ApiProdutos.Services.csproj", "{AFE4CDC9-146C-4FE8-8C98-21B2AED9B4CB}"
EndProject
Project("{2150E333-8FDC-42A3-9474-1A3956D46DE8}") = "1 - Services Layer", "1 - Services Layer", "{599B8B76-7C3F-4638-8B4A-8DC96DD20472}"
EndProject
Project("{2150E333-8FDC-42A3-9474-1A3956D46DE8}") = "2 - Repository Layer", "2 - Repository Layer", "{BEED4357-7F3B-4795-A990-AFB320F0A52B}"
EndProject
Project("{2150E333-8FDC-42A3-9474-1A3956D46DE8}") = "3 - Tests", "3 - Tests", "{8D7770CD-4191-427F-9B2A-A7538859A3D3}"
EndProject
Project("{FAE04EC0-301F-11D3-BF4B-00C04F79EFBC}") = "ApiProdutos.Infra.Data", "ApiProdutos.Infra.Data\ApiProdutos.Infra.Data.csproj", "{D380FD72-B105-4651-9D07-270311418B79}"
EndProject
Project("{FAE04EC0-301F-11D3-BF4B-00C04F79EFBC}") = "ApiProdutos.Tests", "ApiProdutos.Tests\ApiProdutos.Tests.csproj", "{F24205D7-1E51-4614-96C3-487750D41199}"
EndProject
Project("{2150E333-8FDC-42A3-9474-1A3956D46DE8}") = "Solution Items", "Solution Items", "{A192AEFE-5F3D-4E73-A7A2-B19B8C36A5B9}"
	ProjectSection(SolutionItems) = preProject
		.editorconfig = .editorconfig
	EndProjectSection
EndProject
Global
	GlobalSection(SolutionConfigurationPlatforms) = preSolution
		Debug|Any CPU = Debug|Any CPU
		Release|Any CPU = Release|Any CPU
	EndGlobalSection
	GlobalSection(ProjectConfigurationPlatforms) = postSolution
		{AFE4CDC9-146C-4FE8-8C98-21B2AED9B4CB}.Debug|Any CPU.ActiveCfg = Debug|Any CPU
		{AFE4CDC9-146C-4FE8-8C98-21B2AED9B4CB}.Debug|Any CPU.Build.0 = Debug|Any CPU
		{AFE4CDC9-146C-4FE8-8C98-21B2AED9B4CB}.Release|Any CPU.ActiveCfg = Release|Any CPU
		{AFE4CDC9-146C-4FE8-8C98-21B2AED9B4CB}.Release|Any CPU.Build.0 = Release|Any CPU
		{D380FD72-B105-4651-9D07-270311418B79}.Debug|Any CPU.ActiveCfg = Debug|Any CPU
		{D380FD72-B105-4651-9D07-270311418B79}.Debug|Any CPU.Build.0 = Debug|Any CPU
		{D380FD72-B105-4651-9D07-270311418B79}.Release|Any CPU.ActiveCfg = Release|Any CPU
		{D380FD72-B105-4651-9D07-270311418B79}.Release|Any CPU.Build.0 = Release|Any CPU
		{F24205D7-1E51-4614-96C3-487750D41199}.Debug|Any CPU.ActiveCfg = Debug|Any CPU
		{F24205D7-1E51-4614-96C3-487750D41199}.Debug|Any CPU.Build.0 = Debug|Any CPU
		{F24205D7-1E51-4614-96C3-487750D41199}.Release|Any CPU.ActiveCfg = Release|Any CPU
		{F24205D7-1E51-4614-96C3-487750D41199}.Release|Any CPU.Build.0 = Release|Any CPU
	EndGlobalSection
	GlobalSection(SolutionProperties) = preSolution
		HideSolutionNode = FALSE
	EndGlobalSection
	GlobalSection(NestedProjects) = preSolution
		{AFE4CDC9-146C-4FE8-8C98-21B2AED9B4CB} = {599B8B76-7C3F-4638-8B4A-8DC96DD20472}
		{D380FD72-B105-4651-9D07-270311418B79} = {BEED4357-7F3B-4795-A990-AFB320F0A52B}
		{F24205D7-1E51-4614-96C3-487750D41199} = {8D7770CD-4191-427F-9B2A-A7538859A3D3}
	EndGlobalSection
	GlobalSection(ExtensibilityGlobals) = postSolution
		SolutionGuid = {1C956050-5E90-48EB-A7CB-9D37D29E1895}
	EndGlobalSection
EndGlobal
